// !$*UTF8*$!
{
	archiveVersion = 1;
	classes = {
	};
	objectVersion = 48;
	objects = {

/* Begin PBXBuildFile section */
		E0E5D8921FCD7DA8004799D9 /* AppDelegate.swift in Sources */ = {isa = PBXBuildFile; fileRef = E0E5D8911FCD7DA8004799D9 /* AppDelegate.swift */; };
		E0E5D8941FCD7DA8004799D9 /* PhotoController.swift in Sources */ = {isa = PBXBuildFile; fileRef = E0E5D8931FCD7DA8004799D9 /* PhotoController.swift */; };
		E0E5D8971FCD7DA8004799D9 /* Main.storyboard in Resources */ = {isa = PBXBuildFile; fileRef = E0E5D8951FCD7DA8004799D9 /* Main.storyboard */; };
		E0E5D8991FCD7DA8004799D9 /* Assets.xcassets in Resources */ = {isa = PBXBuildFile; fileRef = E0E5D8981FCD7DA8004799D9 /* Assets.xcassets */; };
		E0E5D89C1FCD7DA8004799D9 /* LaunchScreen.storyboard in Resources */ = {isa = PBXBuildFile; fileRef = E0E5D89A1FCD7DA8004799D9 /* LaunchScreen.storyboard */; };
		E0E5D8A51FCD7E2A004799D9 /* EdgeGlowFilter.swift in Sources */ = {isa = PBXBuildFile; fileRef = E0E5D8A41FCD7E2A004799D9 /* EdgeGlowFilter.swift */; };
		E0E5D8A71FCD80F8004799D9 /* CaptureController.swift in Sources */ = {isa = PBXBuildFile; fileRef = E0E5D8A61FCD80F8004799D9 /* CaptureController.swift */; };
		E0E5D8A91FCD8CC6004799D9 /* ImageView+CoreImage.swift in Sources */ = {isa = PBXBuildFile; fileRef = E0E5D8A81FCD8CC6004799D9 /* ImageView+CoreImage.swift */; };
		E0E5D8AB1FCD9231004799D9 /* CarnivalMirror.swift in Sources */ = {isa = PBXBuildFile; fileRef = E0E5D8AA1FCD9231004799D9 /* CarnivalMirror.swift */; };
		E0E5D8AF1FCEB97F004799D9 /* GalleryController.swift in Sources */ = {isa = PBXBuildFile; fileRef = E0E5D8AE1FCEB97F004799D9 /* GalleryController.swift */; };
		E0E5D8B31FCFE778004799D9 /* GalleryViewCell.swift in Sources */ = {isa = PBXBuildFile; fileRef = E0E5D8B21FCFE778004799D9 /* GalleryViewCell.swift */; };
/* End PBXBuildFile section */

/* Begin PBXFileReference section */
		E0E5D88E1FCD7DA8004799D9 /* advImProcessing.app */ = {isa = PBXFileReference; explicitFileType = wrapper.application; includeInIndex = 0; path = advImProcessing.app; sourceTree = BUILT_PRODUCTS_DIR; };
		E0E5D8911FCD7DA8004799D9 /* AppDelegate.swift */ = {isa = PBXFileReference; lastKnownFileType = sourcecode.swift; path = AppDelegate.swift; sourceTree = "<group>"; };
		E0E5D8931FCD7DA8004799D9 /* PhotoController.swift */ = {isa = PBXFileReference; lastKnownFileType = sourcecode.swift; path = PhotoController.swift; sourceTree = "<group>"; };
		E0E5D8961FCD7DA8004799D9 /* Base */ = {isa = PBXFileReference; lastKnownFileType = file.storyboard; name = Base; path = Base.lproj/Main.storyboard; sourceTree = "<group>"; };
		E0E5D8981FCD7DA8004799D9 /* Assets.xcassets */ = {isa = PBXFileReference; lastKnownFileType = folder.assetcatalog; path = Assets.xcassets; sourceTree = "<group>"; };
		E0E5D89B1FCD7DA8004799D9 /* Base */ = {isa = PBXFileReference; lastKnownFileType = file.storyboard; name = Base; path = Base.lproj/LaunchScreen.storyboard; sourceTree = "<group>"; };
		E0E5D89D1FCD7DA8004799D9 /* Info.plist */ = {isa = PBXFileReference; lastKnownFileType = text.plist.xml; path = Info.plist; sourceTree = "<group>"; };
		E0E5D8A41FCD7E2A004799D9 /* EdgeGlowFilter.swift */ = {isa = PBXFileReference; lastKnownFileType = sourcecode.swift; path = EdgeGlowFilter.swift; sourceTree = "<group>"; };
		E0E5D8A61FCD80F8004799D9 /* CaptureController.swift */ = {isa = PBXFileReference; lastKnownFileType = sourcecode.swift; path = CaptureController.swift; sourceTree = "<group>"; };
		E0E5D8A81FCD8CC6004799D9 /* ImageView+CoreImage.swift */ = {isa = PBXFileReference; lastKnownFileType = sourcecode.swift; path = "ImageView+CoreImage.swift"; sourceTree = "<group>"; };
		E0E5D8AA1FCD9231004799D9 /* CarnivalMirror.swift */ = {isa = PBXFileReference; lastKnownFileType = sourcecode.swift; path = CarnivalMirror.swift; sourceTree = "<group>"; };
		E0E5D8AE1FCEB97F004799D9 /* GalleryController.swift */ = {isa = PBXFileReference; lastKnownFileType = sourcecode.swift; path = GalleryController.swift; sourceTree = "<group>"; };
		E0E5D8B21FCFE778004799D9 /* GalleryViewCell.swift */ = {isa = PBXFileReference; lastKnownFileType = sourcecode.swift; path = GalleryViewCell.swift; sourceTree = "<group>"; };
/* End PBXFileReference section */

/* Begin PBXFrameworksBuildPhase section */
		E0E5D88B1FCD7DA8004799D9 /* Frameworks */ = {
			isa = PBXFrameworksBuildPhase;
			buildActionMask = 2147483647;
			files = (
			);
			runOnlyForDeploymentPostprocessing = 0;
		};
/* End PBXFrameworksBuildPhase section */

/* Begin PBXGroup section */
		E0E5D8851FCD7DA8004799D9 = {
			isa = PBXGroup;
			children = (
				E0E5D8901FCD7DA8004799D9 /* advImProcessing */,
				E0E5D88F1FCD7DA8004799D9 /* Products */,
			);
			sourceTree = "<group>";
		};
		E0E5D88F1FCD7DA8004799D9 /* Products */ = {
			isa = PBXGroup;
			children = (
				E0E5D88E1FCD7DA8004799D9 /* advImProcessing.app */,
			);
			name = Products;
			sourceTree = "<group>";
		};
		E0E5D8901FCD7DA8004799D9 /* advImProcessing */ = {
			isa = PBXGroup;
			children = (
				E0E5D8A31FCD7DC6004799D9 /* Image Processing */,
				E0E5D8911FCD7DA8004799D9 /* AppDelegate.swift */,
				E0E5D8951FCD7DA8004799D9 /* Main.storyboard */,
				E0E5D8981FCD7DA8004799D9 /* Assets.xcassets */,
				E0E5D89A1FCD7DA8004799D9 /* LaunchScreen.storyboard */,
				E0E5D89D1FCD7DA8004799D9 /* Info.plist */,
				E0E5D8A61FCD80F8004799D9 /* CaptureController.swift */,
				E0E5D8AE1FCEB97F004799D9 /* GalleryController.swift */,
				E0E5D8931FCD7DA8004799D9 /* PhotoController.swift */,
				E0E5D8B21FCFE778004799D9 /* GalleryViewCell.swift */,
			);
			path = advImProcessing;
			sourceTree = "<group>";
		};
		E0E5D8A31FCD7DC6004799D9 /* Image Processing */ = {
			isa = PBXGroup;
			children = (
				E0E5D8A41FCD7E2A004799D9 /* EdgeGlowFilter.swift */,
				E0E5D8A81FCD8CC6004799D9 /* ImageView+CoreImage.swift */,
				E0E5D8AA1FCD9231004799D9 /* CarnivalMirror.swift */,
			);
			path = "Image Processing";
			sourceTree = "<group>";
		};
/* End PBXGroup section */

/* Begin PBXNativeTarget section */
		E0E5D88D1FCD7DA8004799D9 /* advImProcessing */ = {
			isa = PBXNativeTarget;
			buildConfigurationList = E0E5D8A01FCD7DA8004799D9 /* Build configuration list for PBXNativeTarget "advImProcessing" */;
			buildPhases = (
				E0E5D88A1FCD7DA8004799D9 /* Sources */,
				E0E5D88B1FCD7DA8004799D9 /* Frameworks */,
				E0E5D88C1FCD7DA8004799D9 /* Resources */,
			);
			buildRules = (
			);
			dependencies = (
			);
			name = advImProcessing;
			productName = advImProcessing;
			productReference = E0E5D88E1FCD7DA8004799D9 /* advImProcessing.app */;
			productType = "com.apple.product-type.application";
		};
/* End PBXNativeTarget section */

/* Begin PBXProject section */
		E0E5D8861FCD7DA8004799D9 /* Project object */ = {
			isa = PBXProject;
			attributes = {
				LastSwiftUpdateCheck = 0910;
				LastUpgradeCheck = 0910;
				ORGANIZATIONNAME = "Илья Лошкарёв";
				TargetAttributes = {
					E0E5D88D1FCD7DA8004799D9 = {
						CreatedOnToolsVersion = 9.1;
						ProvisioningStyle = Automatic;
					};
				};
			};
			buildConfigurationList = E0E5D8891FCD7DA8004799D9 /* Build configuration list for PBXProject "advImProcessing" */;
			compatibilityVersion = "Xcode 8.0";
			developmentRegion = en;
			hasScannedForEncodings = 0;
			knownRegions = (
				en,
				Base,
			);
			mainGroup = E0E5D8851FCD7DA8004799D9;
			productRefGroup = E0E5D88F1FCD7DA8004799D9 /* Products */;
			projectDirPath = "";
			projectRoot = "";
			targets = (
				E0E5D88D1FCD7DA8004799D9 /* advImProcessing */,
			);
		};
/* End PBXProject section */

/* Begin PBXResourcesBuildPhase section */
		E0E5D88C1FCD7DA8004799D9 /* Resources */ = {
			isa = PBXResourcesBuildPhase;
			buildActionMask = 2147483647;
			files = (
				E0E5D89C1FCD7DA8004799D9 /* LaunchScreen.storyboard in Resources */,
				E0E5D8991FCD7DA8004799D9 /* Assets.xcassets in Resources */,
				E0E5D8971FCD7DA8004799D9 /* Main.storyboard in Resources */,
			);
			runOnlyForDeploymentPostprocessing = 0;
		};
/* End PBXResourcesBuildPhase section */

/* Begin PBXSourcesBuildPhase section */
		E0E5D88A1FCD7DA8004799D9 /* Sources */ = {
			isa = PBXSourcesBuildPhase;
			buildActionMask = 2147483647;
			files = (
				E0E5D8A51FCD7E2A004799D9 /* EdgeGlowFilter.swift in Sources */,
				E0E5D8AF1FCEB97F004799D9 /* GalleryController.swift in Sources */,
				E0E5D8A91FCD8CC6004799D9 /* ImageView+CoreImage.swift in Sources */,
				E0E5D8B31FCFE778004799D9 /* GalleryViewCell.swift in Sources */,
				E0E5D8941FCD7DA8004799D9 /* PhotoController.swift in Sources */,
				E0E5D8A71FCD80F8004799D9 /* CaptureController.swift in Sources */,
				E0E5D8921FCD7DA8004799D9 /* AppDelegate.swift in Sources */,
				E0E5D8AB1FCD9231004799D9 /* CarnivalMirror.swift in Sources */,
			);
			runOnlyForDeploymentPostprocessing = 0;
		};
/* End PBXSourcesBuildPhase section */

/* Begin PBXVariantGroup section */
		E0E5D8951FCD7DA8004799D9 /* Main.storyboard */ = {
			isa = PBXVariantGroup;
			children = (
				E0E5D8961FCD7DA8004799D9 /* Base */,
			);
			name = Main.storyboard;
			sourceTree = "<group>";
		};
		E0E5D89A1FCD7DA8004799D9 /* LaunchScreen.storyboard */ = {
			isa = PBXVariantGroup;
			children = (
				E0E5D89B1FCD7DA8004799D9 /* Base */,
			);
			name = LaunchScreen.storyboard;
			sourceTree = "<group>";
		};
/* End PBXVariantGroup section */

/* Begin XCBuildConfiguration section */
		E0E5D89E1FCD7DA8004799D9 /* Debug */ = {
			isa = XCBuildConfiguration;
			buildSettings = {
				ALWAYS_SEARCH_USER_PATHS = NO;
				CLANG_ANALYZER_NONNULL = YES;
				CLANG_ANALYZER_NUMBER_OBJECT_CONVERSION = YES_AGGRESSIVE;
				CLANG_CXX_LANGUAGE_STANDARD = "gnu++14";
				CLANG_CXX_LIBRARY = "libc++";
				CLANG_ENABLE_MODULES = YES;
				CLANG_ENABLE_OBJC_ARC = YES;
				CLANG_WARN_BLOCK_CAPTURE_AUTORELEASING = YES;
				CLANG_WARN_BOOL_CONVERSION = YES;
				CLANG_WARN_COMMA = YES;
				CLANG_WARN_CONSTANT_CONVERSION = YES;
				CLANG_WARN_DIRECT_OBJC_ISA_USAGE = YES_ERROR;
				CLANG_WARN_DOCUMENTATION_COMMENTS = YES;
				CLANG_WARN_EMPTY_BODY = YES;
				CLANG_WARN_ENUM_CONVERSION = YES;
				CLANG_WARN_INFINITE_RECURSION = YES;
				CLANG_WARN_INT_CONVERSION = YES;
				CLANG_WARN_NON_LITERAL_NULL_CONVERSION = YES;
				CLANG_WARN_OBJC_LITERAL_CONVERSION = YES;
				CLANG_WARN_OBJC_ROOT_CLASS = YES_ERROR;
				CLANG_WARN_RANGE_LOOP_ANALYSIS = YES;
				CLANG_WARN_STRICT_PROTOTYPES = YES;
				CLANG_WARN_SUSPICIOUS_MOVE = YES;
				CLANG_WARN_UNGUARDED_AVAILABILITY = YES_AGGRESSIVE;
				CLANG_WARN_UNREACHABLE_CODE = YES;
				CLANG_WARN__DUPLICATE_METHOD_MATCH = YES;
				CODE_SIGN_IDENTITY = "iPhone Developer";
				COPY_PHASE_STRIP = NO;
				DEBUG_INFORMATION_FORMAT = dwarf;
				ENABLE_STRICT_OBJC_MSGSEND = YES;
				ENABLE_TESTABILITY = YES;
				GCC_C_LANGUAGE_STANDARD = gnu11;
				GCC_DYNAMIC_NO_PIC = NO;
				GCC_NO_COMMON_BLOCKS = YES;
				GCC_OPTIMIZATION_LEVEL = 0;
				GCC_PREPROCESSOR_DEFINITIONS = (
					"DEBUG=1",
					"$(inherited)",
				);
				GCC_WARN_64_TO_32_BIT_CONVERSION = YES;
				GCC_WARN_ABOUT_RETURN_TYPE = YES_ERROR;
				GCC_WARN_UNDECLARED_SELECTOR = YES;
				GCC_WARN_UNINITIALIZED_AUTOS = YES_AGGRESSIVE;
				GCC_WARN_UNUSED_FUNCTION = YES;
				GCC_WARN_UNUSED_VARIABLE = YES;
				IPHONEOS_DEPLOYMENT_TARGET = 11.1;
				MTL_ENABLE_DEBUG_INFO = YES;
				ONLY_ACTIVE_ARCH = YES;
				SDKROOT = iphoneos;
				SWIFT_ACTIVE_COMPILATION_CONDITIONS = DEBUG;
				SWIFT_OPTIMIZATION_LEVEL = "-Onone";
			};
			name = Debug;
		};
		E0E5D89F1FCD7DA8004799D9 /* Release */ = {
			isa = XCBuildConfiguration;
			buildSettings = {
				ALWAYS_SEARCH_USER_PATHS = NO;
				CLANG_ANALYZER_NONNULL = YES;
				CLANG_ANALYZER_NUMBER_OBJECT_CONVERSION = YES_AGGRESSIVE;
				CLANG_CXX_LANGUAGE_STANDARD = "gnu++14";
				CLANG_CXX_LIBRARY = "libc++";
				CLANG_ENABLE_MODULES = YES;
				CLANG_ENABLE_OBJC_ARC = YES;
				CLANG_WARN_BLOCK_CAPTURE_AUTORELEASING = YES;
				CLANG_WARN_BOOL_CONVERSION = YES;
				CLANG_WARN_COMMA = YES;
				CLANG_WARN_CONSTANT_CONVERSION = YES;
				CLANG_WARN_DIRECT_OBJC_ISA_USAGE = YES_ERROR;
				CLANG_WARN_DOCUMENTATION_COMMENTS = YES;
				CLANG_WARN_EMPTY_BODY = YES;
				CLANG_WARN_ENUM_CONVERSION = YES;
				CLANG_WARN_INFINITE_RECURSION = YES;
				CLANG_WARN_INT_CONVERSION = YES;
				CLANG_WARN_NON_LITERAL_NULL_CONVERSION = YES;
				CLANG_WARN_OBJC_LITERAL_CONVERSION = YES;
				CLANG_WARN_OBJC_ROOT_CLASS = YES_ERROR;
				CLANG_WARN_RANGE_LOOP_ANALYSIS = YES;
				CLANG_WARN_STRICT_PROTOTYPES = YES;
				CLANG_WARN_SUSPICIOUS_MOVE = YES;
				CLANG_WARN_UNGUARDED_AVAILABILITY = YES_AGGRESSIVE;
				CLANG_WARN_UNREACHABLE_CODE = YES;
				CLANG_WARN__DUPLICATE_METHOD_MATCH = YES;
				CODE_SIGN_IDENTITY = "iPhone Developer";
				COPY_PHASE_STRIP = NO;
				DEBUG_INFORMATION_FORMAT = "dwarf-with-dsym";
				ENABLE_NS_ASSERTIONS = NO;
				ENABLE_STRICT_OBJC_MSGSEND = YES;
				GCC_C_LANGUAGE_STANDARD = gnu11;
				GCC_NO_COMMON_BLOCKS = YES;
				GCC_WARN_64_TO_32_BIT_CONVERSION = YES;
				GCC_WARN_ABOUT_RETURN_TYPE = YES_ERROR;
				GCC_WARN_UNDECLARED_SELECTOR = YES;
				GCC_WARN_UNINITIALIZED_AUTOS = YES_AGGRESSIVE;
				GCC_WARN_UNUSED_FUNCTION = YES;
				GCC_WARN_UNUSED_VARIABLE = YES;
				IPHONEOS_DEPLOYMENT_TARGET = 11.1;
				MTL_ENABLE_DEBUG_INFO = NO;
				SDKROOT = iphoneos;
				SWIFT_OPTIMIZATION_LEVEL = "-Owholemodule";
				VALIDATE_PRODUCT = YES;
			};
			name = Release;
		};
		E0E5D8A11FCD7DA8004799D9 /* Debug */ = {
			isa = XCBuildConfiguration;
			buildSettings = {
				ASSETCATALOG_COMPILER_APPICON_NAME = AppIcon;
				CODE_SIGN_STYLE = Automatic;
				DEVELOPMENT_TEAM = NUE223H73G;
				INFOPLIST_FILE = advImProcessing/Info.plist;
				IPHONEOS_DEPLOYMENT_TARGET = 11.0;
				LD_RUNPATH_SEARCH_PATHS = "$(inherited) @executable_path/Frameworks";
				PRODUCT_BUNDLE_IDENTIFIER = ru.sfedu.loshkarev.advImProcessing;
				PRODUCT_NAME = "$(TARGET_NAME)";
				SWIFT_VERSION = 4.0;
				TARGETED_DEVICE_FAMILY = "1,2";
			};
			name = Debug;
		};
		E0E5D8A21FCD7DA8004799D9 /* Release */ = {
			isa = XCBuildConfiguration;
			buildSettings = {
				ASSETCATALOG_COMPILER_APPICON_NAME = AppIcon;
				CODE_SIGN_STYLE = Automatic;
				DEVELOPMENT_TEAM = NUE223H73G;
				INFOPLIST_FILE = advImProcessing/Info.plist;
				IPHONEOS_DEPLOYMENT_TARGET = 11.0;
				LD_RUNPATH_SEARCH_PATHS = "$(inherited) @executable_path/Frameworks";
				PRODUCT_BUNDLE_IDENTIFIER = ru.sfedu.loshkarev.advImProcessing;
				PRODUCT_NAME = "$(TARGET_NAME)";
				SWIFT_VERSION = 4.0;
				TARGETED_DEVICE_FAMILY = "1,2";
			};
			name = Release;
		};
/* End XCBuildConfiguration section */

/* Begin XCConfigurationList section */
		E0E5D8891FCD7DA8004799D9 /* Build configuration list for PBXProject "advImProcessing" */ = {
			isa = XCConfigurationList;
			buildConfigurations = (
				E0E5D89E1FCD7DA8004799D9 /* Debug */,
				E0E5D89F1FCD7DA8004799D9 /* Release */,
			);
			defaultConfigurationIsVisible = 0;
			defaultConfigurationName = Release;
		};
		E0E5D8A01FCD7DA8004799D9 /* Build configuration list for PBXNativeTarget "advImProcessing" */ = {
			isa = XCConfigurationList;
			buildConfigurations = (
				E0E5D8A11FCD7DA8004799D9 /* Debug */,
				E0E5D8A21FCD7DA8004799D9 /* Release */,
			);
			defaultConfigurationIsVisible = 0;
			defaultConfigurationName = Release;
		};
/* End XCConfigurationList section */
	};
	rootObject = E0E5D8861FCD7DA8004799D9 /* Project object */;
}
